
Microsoft Visual Studio Solution File, Format Version 12.00
# Visual Studio Version 17
VisualStudioVersion = 17.9.34607.119
MinimumVisualStudioVersion = 10.0.40219.1
Project("{FAE04EC0-301F-11D3-BF4B-00C04F79EFBC}") = "AsifNutsNSeeds", "AsifNutsNSeeds\AsifNutsNSeeds.csproj", "{39C31569-BFB4-496C-93F7-0BD5E5DE2D0E}"
EndProject
Global
	GlobalSection(SolutionConfigurationPlatforms) = preSolution
		Debug|Any CPU = Debug|Any CPU
		Release|Any CPU = Release|Any CPU
	EndGlobalSection
	GlobalSection(ProjectConfigurationPlatforms) = postSolution
		{39C31569-BFB4-496C-93F7-0BD5E5DE2D0E}.Debug|Any CPU.ActiveCfg = Debug|Any CPU
		{39C31569-BFB4-496C-93F7-0BD5E5DE2D0E}.Debug|Any CPU.Build.0 = Debug|Any CPU
		{39C31569-BFB4-496C-93F7-0BD5E5DE2D0E}.Release|Any CPU.ActiveCfg = Release|Any CPU
		{39C31569-BFB4-496C-93F7-0BD5E5DE2D0E}.Release|Any CPU.Build.0 = Release|Any CPU
	EndGlobalSection
	GlobalSection(SolutionProperties) = preSolution
		HideSolutionNode = FALSE
	EndGlobalSection
	GlobalSection(ExtensibilityGlobals) = postSolution
		SolutionGuid = {B25AAA56-EE20-44D8-8C3E-0B48AA55461C}
	EndGlobalSection
EndGlobal
